
Microsoft Visual Studio Solution File, Format Version 12.00
Project("{FAE04EC0-301F-11D3-BF4B-00C04F79EFBC}") = "TaskManagerConsoleApplication", "TaskManagerConsoleApplication\TaskManagerConsoleApplication.csproj", "{C3EF62F2-9FAD-49BE-AABB-0E9682DCAA58}"
EndProject
Global
	GlobalSection(SolutionConfigurationPlatforms) = preSolution
		Debug|Any CPU = Debug|Any CPU
		Release|Any CPU = Release|Any CPU
	EndGlobalSection
	GlobalSection(ProjectConfigurationPlatforms) = postSolution
		{C3EF62F2-9FAD-49BE-AABB-0E9682DCAA58}.Debug|Any CPU.ActiveCfg = Debug|Any CPU
		{C3EF62F2-9FAD-49BE-AABB-0E9682DCAA58}.Debug|Any CPU.Build.0 = Debug|Any CPU
		{C3EF62F2-9FAD-49BE-AABB-0E9682DCAA58}.Release|Any CPU.ActiveCfg = Release|Any CPU
		{C3EF62F2-9FAD-49BE-AABB-0E9682DCAA58}.Release|Any CPU.Build.0 = Release|Any CPU
	EndGlobalSection
EndGlobal
